
Microsoft Visual Studio Solution File, Format Version 12.00
# Visual Studio 15
VisualStudioVersion = 15.0.27703.2018
MinimumVisualStudioVersion = 10.0.40219.1
Project("{FAE04EC0-301F-11D3-BF4B-00C04F79EFBC}") = "ShellTrasferServer", "ShellTrasferServer\ShellTrasferServer.csproj", "{A0755D37-471D-48FF-8672-14D31C6B3A38}"
EndProject
Project("{FAE04EC0-301F-11D3-BF4B-00C04F79EFBC}") = "Program", "Program\Program.csproj", "{019D7D1B-2019-4EB2-A2DF-C0881900C440}"
EndProject
Project("{FAE04EC0-301F-11D3-BF4B-00C04F79EFBC}") = "UserAuthentication", "UserAuthentication\UserAuthentication.csproj", "{DF53E995-01BB-4691-8A72-6D8ABE6AA2B2}"
EndProject
Project("{FAE04EC0-301F-11D3-BF4B-00C04F79EFBC}") = "DBManager", "DBManager\DBManager.csproj", "{0A326781-5F8E-418C-ACAF-F7F3EF16A434}"
EndProject
Project("{FAE04EC0-301F-11D3-BF4B-00C04F79EFBC}") = "UserLoader", "UserLoader\UserLoader.csproj", "{76C8D3AA-FBAD-4B36-9B40-A77FBFAF0199}"
EndProject
Project("{FAE04EC0-301F-11D3-BF4B-00C04F79EFBC}") = "ServiceLoader", "ServiceLoader\ServiceLoader.csproj", "{EC61FA64-4635-49AA-B487-41A2E5C9A9BD}"
EndProject
Project("{FAE04EC0-301F-11D3-BF4B-00C04F79EFBC}") = "WcfLogger", "WcfLogger\WcfLogger.csproj", "{22EA23A9-9ADC-4871-9304-8F4C284317C6}"
EndProject
Project("{2150E333-8FDC-42A3-9474-1A3956D46DE8}") = "Solution Items", "Solution Items", "{0BC9F5CC-E9EA-4C89-8917-2D725470FC08}"
	ProjectSection(SolutionItems) = preProject
		ShellTrasferServer.pssln = ShellTrasferServer.pssln
	EndProjectSection
EndProject
Global
	GlobalSection(SolutionConfigurationPlatforms) = preSolution
		Debug|Any CPU = Debug|Any CPU
		Release|Any CPU = Release|Any CPU
	EndGlobalSection
	GlobalSection(ProjectConfigurationPlatforms) = postSolution
		{A0755D37-471D-48FF-8672-14D31C6B3A38}.Debug|Any CPU.ActiveCfg = Debug|Any CPU
		{A0755D37-471D-48FF-8672-14D31C6B3A38}.Debug|Any CPU.Build.0 = Debug|Any CPU
		{A0755D37-471D-48FF-8672-14D31C6B3A38}.Release|Any CPU.ActiveCfg = Release|Any CPU
		{A0755D37-471D-48FF-8672-14D31C6B3A38}.Release|Any CPU.Build.0 = Release|Any CPU
		{019D7D1B-2019-4EB2-A2DF-C0881900C440}.Debug|Any CPU.ActiveCfg = Debug|Any CPU
		{019D7D1B-2019-4EB2-A2DF-C0881900C440}.Debug|Any CPU.Build.0 = Debug|Any CPU
		{019D7D1B-2019-4EB2-A2DF-C0881900C440}.Release|Any CPU.ActiveCfg = Release|Any CPU
		{019D7D1B-2019-4EB2-A2DF-C0881900C440}.Release|Any CPU.Build.0 = Release|Any CPU
		{DF53E995-01BB-4691-8A72-6D8ABE6AA2B2}.Debug|Any CPU.ActiveCfg = Debug|Any CPU
		{DF53E995-01BB-4691-8A72-6D8ABE6AA2B2}.Debug|Any CPU.Build.0 = Debug|Any CPU
		{DF53E995-01BB-4691-8A72-6D8ABE6AA2B2}.Release|Any CPU.ActiveCfg = Release|Any CPU
		{DF53E995-01BB-4691-8A72-6D8ABE6AA2B2}.Release|Any CPU.Build.0 = Release|Any CPU
		{0A326781-5F8E-418C-ACAF-F7F3EF16A434}.Debug|Any CPU.ActiveCfg = Debug|Any CPU
		{0A326781-5F8E-418C-ACAF-F7F3EF16A434}.Debug|Any CPU.Build.0 = Debug|Any CPU
		{0A326781-5F8E-418C-ACAF-F7F3EF16A434}.Release|Any CPU.ActiveCfg = Release|Any CPU
		{0A326781-5F8E-418C-ACAF-F7F3EF16A434}.Release|Any CPU.Build.0 = Release|Any CPU
		{76C8D3AA-FBAD-4B36-9B40-A77FBFAF0199}.Debug|Any CPU.ActiveCfg = Debug|Any CPU
		{76C8D3AA-FBAD-4B36-9B40-A77FBFAF0199}.Debug|Any CPU.Build.0 = Debug|Any CPU
		{76C8D3AA-FBAD-4B36-9B40-A77FBFAF0199}.Release|Any CPU.ActiveCfg = Release|Any CPU
		{76C8D3AA-FBAD-4B36-9B40-A77FBFAF0199}.Release|Any CPU.Build.0 = Release|Any CPU
		{EC61FA64-4635-49AA-B487-41A2E5C9A9BD}.Debug|Any CPU.ActiveCfg = Debug|Any CPU
		{EC61FA64-4635-49AA-B487-41A2E5C9A9BD}.Debug|Any CPU.Build.0 = Debug|Any CPU
		{EC61FA64-4635-49AA-B487-41A2E5C9A9BD}.Release|Any CPU.ActiveCfg = Release|Any CPU
		{EC61FA64-4635-49AA-B487-41A2E5C9A9BD}.Release|Any CPU.Build.0 = Release|Any CPU
		{22EA23A9-9ADC-4871-9304-8F4C284317C6}.Debug|Any CPU.ActiveCfg = Debug|Any CPU
		{22EA23A9-9ADC-4871-9304-8F4C284317C6}.Debug|Any CPU.Build.0 = Debug|Any CPU
		{22EA23A9-9ADC-4871-9304-8F4C284317C6}.Release|Any CPU.ActiveCfg = Release|Any CPU
		{22EA23A9-9ADC-4871-9304-8F4C284317C6}.Release|Any CPU.Build.0 = Release|Any CPU
	EndGlobalSection
	GlobalSection(SolutionProperties) = preSolution
		HideSolutionNode = FALSE
	EndGlobalSection
	GlobalSection(ExtensibilityGlobals) = postSolution
		SolutionGuid = {AE68EF2A-7919-40DC-9FDB-492C4CB72DD8}
	EndGlobalSection
EndGlobal
